
Microsoft Visual Studio Solution File, Format Version 12.00
# Visual Studio Version 16
VisualStudioVersion = 16.0.30310.162
MinimumVisualStudioVersion = 10.0.40219.1
Project("{888888A0-9F3D-457C-B088-3A5042F75D52}") = "isegCC2x", "isegCC2x.pyproj", "{2524829F-1163-42E1-83D3-BBC483422479}"
EndProject
Global
	GlobalSection(SolutionConfigurationPlatforms) = preSolution
		Debug|Any CPU = Debug|Any CPU
		Release|Any CPU = Release|Any CPU
	EndGlobalSection
	GlobalSection(ProjectConfigurationPlatforms) = postSolution
		{2524829F-1163-42E1-83D3-BBC483422479}.Debug|Any CPU.ActiveCfg = Debug|Any CPU
		{2524829F-1163-42E1-83D3-BBC483422479}.Release|Any CPU.ActiveCfg = Release|Any CPU
	EndGlobalSection
	GlobalSection(SolutionProperties) = preSolution
		HideSolutionNode = FALSE
	EndGlobalSection
	GlobalSection(ExtensibilityGlobals) = postSolution
		SolutionGuid = {371590B2-9E47-4AF8-B637-D76E84CD658D}
	EndGlobalSection
EndGlobal
